{
	"name": "@mchiver/hive-plugin-exchange",
	"version": "1.0.0",
	"lockfileVersion": 3,
	"requires": true,
	"packages": {
		"": {
			"name": "@mchiver/hive-plugin-exchange",
			"version": "1.0.0",
			"license": "MIT",
			"dependencies": {
				"blessed": "^0.1.81",
				"moniker": "^0.1.2"
			},
			"bin": {
				"hive-exchange-tui": "Tui/exchange.js"
			},
			"devDependencies": {
				"@mchiver/hive-harness": "file:../../hive-harness.git"
			},
			"peerDependencies": {
				"@mchiver/hive-harness": ">=0.1.0"
			}
		},
		"../../hive-harness.git": {
			"name": "@mchiver/hive-harness",
			"version": "0.1.0",
			"dev": true,
			"license": "MIT",
			"dependencies": {
				"bcrypt": "^6.0.0",
				"better-sqlite3": "^12.8.0",
				"blessed": "^0.1.81",
				"discord.js": "^14.26.2",
				"express": "^5.2.1",
				"json5": "^2.2.3",
				"jsonwebtoken": "^9.0.2",
				"minimist": "^1.2.8",
				"moniker": "^0.1.2"
			},
			"bin": {
				"hive": "Channels/Cli/Cli.js",
				"hive-discord": "Channels/Discord/Discord.js",
				"hive-web": "Channels/Web/Web.js"
			},
			"engines": {
				"node": ">=20.0.0"
			}
		},
		"node_modules/@mchiver/hive-harness": {
			"resolved": "../../hive-harness.git",
			"link": true
		},
		"node_modules/blessed": {
			"version": "0.1.81",
			"resolved": "https://registry.npmjs.org/blessed/-/blessed-0.1.81.tgz",
			"integrity": "sha512-LoF5gae+hlmfORcG1M5+5XZi4LBmvlXTzwJWzUlPryN/SJdSflZvROM2TwkT0GMpq7oqT48NRd4GS7BiVBc5OQ==",
			"license": "MIT",
			"bin": {
				"blessed": "bin/tput.js"
			},
			"engines": {
				"node": ">= 0.8.0"
			}
		},
		"node_modules/moniker": {
			"version": "0.1.2",
			"resolved": "https://registry.npmjs.org/moniker/-/moniker-0.1.2.tgz",
			"integrity": "sha512-Uj9iV0QYr6281G+o0TvqhKwHHWB2Q/qUTT4LPQ3qDGc0r8cbMuqQjRXPZuVZ+gcL7APx+iQgE8lcfWPrj1LsLA==",
			"engines": {
				"node": "*"
			}
		}
	}
}
